// !$*UTF8*$!
{
	archiveVersion = 1;
	classes = {
	};
	objectVersion = 46;
	objects = {

/* Begin PBXBuildFile section */
		3D1D53E31CC60D45008EBDEF /* Pulsator.swift in Sources */ = {isa = PBXBuildFile; fileRef = 3D1D53E21CC60D45008EBDEF /* Pulsator.swift */; };
		3D1D53E51CC698D9008EBDEF /* gear.png in Resources */ = {isa = PBXBuildFile; fileRef = 3D1D53E41CC698D9008EBDEF /* gear.png */; };
		3D1D53EB1CC69B79008EBDEF /* question.png in Resources */ = {isa = PBXBuildFile; fileRef = 3D1D53EA1CC69B79008EBDEF /* question.png */; };
		3DFA11F81CC3AA9100A48515 /* AppDelegate.swift in Sources */ = {isa = PBXBuildFile; fileRef = 3DFA11F71CC3AA9100A48515 /* AppDelegate.swift */; };
		3DFA11FA1CC3AA9100A48515 /* ViewController.swift in Sources */ = {isa = PBXBuildFile; fileRef = 3DFA11F91CC3AA9100A48515 /* ViewController.swift */; };
		3DFA11FD1CC3AA9100A48515 /* Main.storyboard in Resources */ = {isa = PBXBuildFile; fileRef = 3DFA11FB1CC3AA9100A48515 /* Main.storyboard */; };
		3DFA11FF1CC3AA9100A48515 /* Assets.xcassets in Resources */ = {isa = PBXBuildFile; fileRef = 3DFA11FE1CC3AA9100A48515 /* Assets.xcassets */; };
		3DFA12021CC3AA9100A48515 /* LaunchScreen.storyboard in Resources */ = {isa = PBXBuildFile; fileRef = 3DFA12001CC3AA9100A48515 /* LaunchScreen.storyboard */; };
		3DFA120D1CC3AA9100A48515 /* otiumTests.swift in Sources */ = {isa = PBXBuildFile; fileRef = 3DFA120C1CC3AA9100A48515 /* otiumTests.swift */; };
		3DFA12181CC3AA9100A48515 /* otiumUITests.swift in Sources */ = {isa = PBXBuildFile; fileRef = 3DFA12171CC3AA9100A48515 /* otiumUITests.swift */; };
		3DFA12281CC3AC5C00A48515 /* Peripheral.swift in Sources */ = {isa = PBXBuildFile; fileRef = 3DFA12271CC3AC5C00A48515 /* Peripheral.swift */; };
		3DFA122A1CC3B16D00A48515 /* CoreLocation.framework in Frameworks */ = {isa = PBXBuildFile; fileRef = 3DFA12291CC3B16D00A48515 /* CoreLocation.framework */; };
		3DFA122C1CC3E89600A48515 /* Configuration.swift in Sources */ = {isa = PBXBuildFile; fileRef = 3DFA122B1CC3E89600A48515 /* Configuration.swift */; };
		3DFB06151CC916F500D96693 /* profile.png in Resources */ = {isa = PBXBuildFile; fileRef = 3DFB06141CC916F500D96693 /* profile.png */; };
		3DFB06171CC91FB900D96693 /* Screen.swift in Sources */ = {isa = PBXBuildFile; fileRef = 3DFB06161CC91FB900D96693 /* Screen.swift */; };
		3DFB06191CC92E8B00D96693 /* LovePercent.swift in Sources */ = {isa = PBXBuildFile; fileRef = 3DFB06181CC92E8B00D96693 /* LovePercent.swift */; };
		3DFB061B1CC9311200D96693 /* connectFirebase.swift in Sources */ = {isa = PBXBuildFile; fileRef = 3DFB061A1CC9311200D96693 /* connectFirebase.swift */; };
		3DFB06201CC93CCD00D96693 /* InitialSetting.swift in Sources */ = {isa = PBXBuildFile; fileRef = 3DFB061F1CC93CCD00D96693 /* InitialSetting.swift */; };
		3DFB06221CC93ECF00D96693 /* AccessNSUserDefaults.swift in Sources */ = {isa = PBXBuildFile; fileRef = 3DFB06211CC93ECF00D96693 /* AccessNSUserDefaults.swift */; };
/* End PBXBuildFile section */

/* Begin PBXContainerItemProxy section */
		3DFA12091CC3AA9100A48515 /* PBXContainerItemProxy */ = {
			isa = PBXContainerItemProxy;
			containerPortal = 3DFA11EC1CC3AA9000A48515 /* Project object */;
			proxyType = 1;
			remoteGlobalIDString = 3DFA11F31CC3AA9100A48515;
			remoteInfo = otium;
		};
		3DFA12141CC3AA9100A48515 /* PBXContainerItemProxy */ = {
			isa = PBXContainerItemProxy;
			containerPortal = 3DFA11EC1CC3AA9000A48515 /* Project object */;
			proxyType = 1;
			remoteGlobalIDString = 3DFA11F31CC3AA9100A48515;
			remoteInfo = otium;
		};
/* End PBXContainerItemProxy section */

/* Begin PBXFileReference section */
		3D1D53E21CC60D45008EBDEF /* Pulsator.swift */ = {isa = PBXFileReference; fileEncoding = 4; lastKnownFileType = sourcecode.swift; path = Pulsator.swift; sourceTree = "<group>"; };
		3D1D53E41CC698D9008EBDEF /* gear.png */ = {isa = PBXFileReference; lastKnownFileType = image.png; path = gear.png; sourceTree = "<group>"; };
		3D1D53EA1CC69B79008EBDEF /* question.png */ = {isa = PBXFileReference; lastKnownFileType = image.png; path = question.png; sourceTree = "<group>"; };
		3DFA11F41CC3AA9100A48515 /* otium.app */ = {isa = PBXFileReference; explicitFileType = wrapper.application; includeInIndex = 0; path = otium.app; sourceTree = BUILT_PRODUCTS_DIR; };
		3DFA11F71CC3AA9100A48515 /* AppDelegate.swift */ = {isa = PBXFileReference; lastKnownFileType = sourcecode.swift; path = AppDelegate.swift; sourceTree = "<group>"; };
		3DFA11F91CC3AA9100A48515 /* ViewController.swift */ = {isa = PBXFileReference; lastKnownFileType = sourcecode.swift; path = ViewController.swift; sourceTree = "<group>"; };
		3DFA11FC1CC3AA9100A48515 /* Base */ = {isa = PBXFileReference; lastKnownFileType = file.storyboard; name = Base; path = Base.lproj/Main.storyboard; sourceTree = "<group>"; };
		3DFA11FE1CC3AA9100A48515 /* Assets.xcassets */ = {isa = PBXFileReference; lastKnownFileType = folder.assetcatalog; path = Assets.xcassets; sourceTree = "<group>"; };
		3DFA12011CC3AA9100A48515 /* Base */ = {isa = PBXFileReference; lastKnownFileType = file.storyboard; name = Base; path = Base.lproj/LaunchScreen.storyboard; sourceTree = "<group>"; };
		3DFA12031CC3AA9100A48515 /* Info.plist */ = {isa = PBXFileReference; lastKnownFileType = text.plist.xml; path = Info.plist; sourceTree = "<group>"; };
		3DFA12081CC3AA9100A48515 /* otiumTests.xctest */ = {isa = PBXFileReference; explicitFileType = wrapper.cfbundle; includeInIndex = 0; path = otiumTests.xctest; sourceTree = BUILT_PRODUCTS_DIR; };
		3DFA120C1CC3AA9100A48515 /* otiumTests.swift */ = {isa = PBXFileReference; lastKnownFileType = sourcecode.swift; path = otiumTests.swift; sourceTree = "<group>"; };
		3DFA120E1CC3AA9100A48515 /* Info.plist */ = {isa = PBXFileReference; lastKnownFileType = text.plist.xml; path = Info.plist; sourceTree = "<group>"; };
		3DFA12131CC3AA9100A48515 /* otiumUITests.xctest */ = {isa = PBXFileReference; explicitFileType = wrapper.cfbundle; includeInIndex = 0; path = otiumUITests.xctest; sourceTree = BUILT_PRODUCTS_DIR; };
		3DFA12171CC3AA9100A48515 /* otiumUITests.swift */ = {isa = PBXFileReference; lastKnownFileType = sourcecode.swift; path = otiumUITests.swift; sourceTree = "<group>"; };
		3DFA12191CC3AA9100A48515 /* Info.plist */ = {isa = PBXFileReference; lastKnownFileType = text.plist.xml; path = Info.plist; sourceTree = "<group>"; };
		3DFA12271CC3AC5C00A48515 /* Peripheral.swift */ = {isa = PBXFileReference; fileEncoding = 4; lastKnownFileType = sourcecode.swift; path = Peripheral.swift; sourceTree = "<group>"; };
		3DFA12291CC3B16D00A48515 /* CoreLocation.framework */ = {isa = PBXFileReference; lastKnownFileType = wrapper.framework; name = CoreLocation.framework; path = System/Library/Frameworks/CoreLocation.framework; sourceTree = SDKROOT; };
		3DFA122B1CC3E89600A48515 /* Configuration.swift */ = {isa = PBXFileReference; fileEncoding = 4; lastKnownFileType = sourcecode.swift; path = Configuration.swift; sourceTree = "<group>"; };
		3DFB06141CC916F500D96693 /* profile.png */ = {isa = PBXFileReference; lastKnownFileType = image.png; path = profile.png; sourceTree = "<group>"; };
		3DFB06161CC91FB900D96693 /* Screen.swift */ = {isa = PBXFileReference; fileEncoding = 4; lastKnownFileType = sourcecode.swift; path = Screen.swift; sourceTree = "<group>"; };
		3DFB06181CC92E8B00D96693 /* LovePercent.swift */ = {isa = PBXFileReference; fileEncoding = 4; lastKnownFileType = sourcecode.swift; path = LovePercent.swift; sourceTree = "<group>"; };
		3DFB061A1CC9311200D96693 /* connectFirebase.swift */ = {isa = PBXFileReference; fileEncoding = 4; lastKnownFileType = sourcecode.swift; path = connectFirebase.swift; sourceTree = "<group>"; };
		3DFB061F1CC93CCD00D96693 /* InitialSetting.swift */ = {isa = PBXFileReference; fileEncoding = 4; lastKnownFileType = sourcecode.swift; path = InitialSetting.swift; sourceTree = "<group>"; };
		3DFB06211CC93ECF00D96693 /* AccessNSUserDefaults.swift */ = {isa = PBXFileReference; fileEncoding = 4; lastKnownFileType = sourcecode.swift; path = AccessNSUserDefaults.swift; sourceTree = "<group>"; };
/* End PBXFileReference section */

/* Begin PBXFrameworksBuildPhase section */
		3DFA11F11CC3AA9100A48515 /* Frameworks */ = {
			isa = PBXFrameworksBuildPhase;
			buildActionMask = 2147483647;
			files = (
				3DFA122A1CC3B16D00A48515 /* CoreLocation.framework in Frameworks */,
			);
			runOnlyForDeploymentPostprocessing = 0;
		};
		3DFA12051CC3AA9100A48515 /* Frameworks */ = {
			isa = PBXFrameworksBuildPhase;
			buildActionMask = 2147483647;
			files = (
			);
			runOnlyForDeploymentPostprocessing = 0;
		};
		3DFA12101CC3AA9100A48515 /* Frameworks */ = {
			isa = PBXFrameworksBuildPhase;
			buildActionMask = 2147483647;
			files = (
			);
			runOnlyForDeploymentPostprocessing = 0;
		};
/* End PBXFrameworksBuildPhase section */

/* Begin PBXGroup section */
		3DFA11EB1CC3AA9000A48515 = {
			isa = PBXGroup;
			children = (
				3DFA12291CC3B16D00A48515 /* CoreLocation.framework */,
				3DFA120B1CC3AA9100A48515 /* otiumTests */,
				3DFA12161CC3AA9100A48515 /* otiumUITests */,
				3DFA11F51CC3AA9100A48515 /* Products */,
				3DFA11F61CC3AA9100A48515 /* otium */,
			);
			sourceTree = "<group>";
		};
		3DFA11F51CC3AA9100A48515 /* Products */ = {
			isa = PBXGroup;
			children = (
				3DFA11F41CC3AA9100A48515 /* otium.app */,
				3DFA12081CC3AA9100A48515 /* otiumTests.xctest */,
				3DFA12131CC3AA9100A48515 /* otiumUITests.xctest */,
			);
			name = Products;
			sourceTree = "<group>";
		};
		3DFA11F61CC3AA9100A48515 /* otium */ = {
			isa = PBXGroup;
			children = (
				3DFB061E1CC93C5D00D96693 /* config */,
				3DFB061D1CC9322500D96693 /* image */,
				3DFA11F71CC3AA9100A48515 /* AppDelegate.swift */,
				3DFA11F91CC3AA9100A48515 /* ViewController.swift */,
				3DFB06161CC91FB900D96693 /* Screen.swift */,
				3DFA12271CC3AC5C00A48515 /* Peripheral.swift */,
				3D1D53E21CC60D45008EBDEF /* Pulsator.swift */,
				3DFA11FB1CC3AA9100A48515 /* Main.storyboard */,
				3DFB06181CC92E8B00D96693 /* LovePercent.swift */,
				3DFB061A1CC9311200D96693 /* connectFirebase.swift */,
				3DFA11FE1CC3AA9100A48515 /* Assets.xcassets */,
				3DFA12001CC3AA9100A48515 /* LaunchScreen.storyboard */,
				3DFA12031CC3AA9100A48515 /* Info.plist */,
			);
			path = otium;
			sourceTree = "<group>";
		};
		3DFA120B1CC3AA9100A48515 /* otiumTests */ = {
			isa = PBXGroup;
			children = (
				3DFA120C1CC3AA9100A48515 /* otiumTests.swift */,
				3DFA120E1CC3AA9100A48515 /* Info.plist */,
			);
			path = otiumTests;
			sourceTree = "<group>";
		};
		3DFA12161CC3AA9100A48515 /* otiumUITests */ = {
			isa = PBXGroup;
			children = (
				3DFA12171CC3AA9100A48515 /* otiumUITests.swift */,
				3DFA12191CC3AA9100A48515 /* Info.plist */,
			);
			path = otiumUITests;
			sourceTree = "<group>";
		};
		3DFB061D1CC9322500D96693 /* image */ = {
			isa = PBXGroup;
			children = (
				3D1D53E41CC698D9008EBDEF /* gear.png */,
				3DFB06141CC916F500D96693 /* profile.png */,
				3D1D53EA1CC69B79008EBDEF /* question.png */,
			);
			name = image;
			sourceTree = "<group>";
		};
		3DFB061E1CC93C5D00D96693 /* config */ = {
			isa = PBXGroup;
			children = (
				3DFA122B1CC3E89600A48515 /* Configuration.swift */,
				3DFB06211CC93ECF00D96693 /* AccessNSUserDefaults.swift */,
				3DFB061F1CC93CCD00D96693 /* InitialSetting.swift */,
			);
			name = config;
			sourceTree = "<group>";
		};
/* End PBXGroup section */

/* Begin PBXNativeTarget section */
		3DFA11F31CC3AA9100A48515 /* otium */ = {
			isa = PBXNativeTarget;
			buildConfigurationList = 3DFA121C1CC3AA9100A48515 /* Build configuration list for PBXNativeTarget "otium" */;
			buildPhases = (
				3DFA11F01CC3AA9100A48515 /* Sources */,
				3DFA11F11CC3AA9100A48515 /* Frameworks */,
				3DFA11F21CC3AA9100A48515 /* Resources */,
			);
			buildRules = (
			);
			dependencies = (
			);
			name = otium;
			productName = otium;
			productReference = 3DFA11F41CC3AA9100A48515 /* otium.app */;
			productType = "com.apple.product-type.application";
		};
		3DFA12071CC3AA9100A48515 /* otiumTests */ = {
			isa = PBXNativeTarget;
			buildConfigurationList = 3DFA121F1CC3AA9100A48515 /* Build configuration list for PBXNativeTarget "otiumTests" */;
			buildPhases = (
				3DFA12041CC3AA9100A48515 /* Sources */,
				3DFA12051CC3AA9100A48515 /* Frameworks */,
				3DFA12061CC3AA9100A48515 /* Resources */,
			);
			buildRules = (
			);
			dependencies = (
				3DFA120A1CC3AA9100A48515 /* PBXTargetDependency */,
			);
			name = otiumTests;
			productName = otiumTests;
			productReference = 3DFA12081CC3AA9100A48515 /* otiumTests.xctest */;
			productType = "com.apple.product-type.bundle.unit-test";
		};
		3DFA12121CC3AA9100A48515 /* otiumUITests */ = {
			isa = PBXNativeTarget;
			buildConfigurationList = 3DFA12221CC3AA9100A48515 /* Build configuration list for PBXNativeTarget "otiumUITests" */;
			buildPhases = (
				3DFA120F1CC3AA9100A48515 /* Sources */,
				3DFA12101CC3AA9100A48515 /* Frameworks */,
				3DFA12111CC3AA9100A48515 /* Resources */,
			);
			buildRules = (
			);
			dependencies = (
				3DFA12151CC3AA9100A48515 /* PBXTargetDependency */,
			);
			name = otiumUITests;
			productName = otiumUITests;
			productReference = 3DFA12131CC3AA9100A48515 /* otiumUITests.xctest */;
			productType = "com.apple.product-type.bundle.ui-testing";
		};
/* End PBXNativeTarget section */

/* Begin PBXProject section */
		3DFA11EC1CC3AA9000A48515 /* Project object */ = {
			isa = PBXProject;
			attributes = {
				LastSwiftUpdateCheck = 0720;
				LastUpgradeCheck = 0720;
				ORGANIZATIONNAME = p6iwi6q;
				TargetAttributes = {
					3DFA11F31CC3AA9100A48515 = {
						CreatedOnToolsVersion = 7.2;
					};
					3DFA12071CC3AA9100A48515 = {
						CreatedOnToolsVersion = 7.2;
						TestTargetID = 3DFA11F31CC3AA9100A48515;
					};
					3DFA12121CC3AA9100A48515 = {
						CreatedOnToolsVersion = 7.2;
						TestTargetID = 3DFA11F31CC3AA9100A48515;
					};
				};
			};
			buildConfigurationList = 3DFA11EF1CC3AA9000A48515 /* Build configuration list for PBXProject "otium" */;
			compatibilityVersion = "Xcode 3.2";
			developmentRegion = English;
			hasScannedForEncodings = 0;
			knownRegions = (
				en,
				Base,
			);
			mainGroup = 3DFA11EB1CC3AA9000A48515;
			productRefGroup = 3DFA11F51CC3AA9100A48515 /* Products */;
			projectDirPath = "";
			projectRoot = "";
			targets = (
				3DFA11F31CC3AA9100A48515 /* otium */,
				3DFA12071CC3AA9100A48515 /* otiumTests */,
				3DFA12121CC3AA9100A48515 /* otiumUITests */,
			);
		};
/* End PBXProject section */

/* Begin PBXResourcesBuildPhase section */
		3DFA11F21CC3AA9100A48515 /* Resources */ = {
			isa = PBXResourcesBuildPhase;
			buildActionMask = 2147483647;
			files = (
				3D1D53EB1CC69B79008EBDEF /* question.png in Resources */,
				3DFB06151CC916F500D96693 /* profile.png in Resources */,
				3DFA12021CC3AA9100A48515 /* LaunchScreen.storyboard in Resources */,
				3DFA11FF1CC3AA9100A48515 /* Assets.xcassets in Resources */,
				3D1D53E51CC698D9008EBDEF /* gear.png in Resources */,
				3DFA11FD1CC3AA9100A48515 /* Main.storyboard in Resources */,
			);
			runOnlyForDeploymentPostprocessing = 0;
		};
		3DFA12061CC3AA9100A48515 /* Resources */ = {
			isa = PBXResourcesBuildPhase;
			buildActionMask = 2147483647;
			files = (
			);
			runOnlyForDeploymentPostprocessing = 0;
		};
		3DFA12111CC3AA9100A48515 /* Resources */ = {
			isa = PBXResourcesBuildPhase;
			buildActionMask = 2147483647;
			files = (
			);
			runOnlyForDeploymentPostprocessing = 0;
		};
/* End PBXResourcesBuildPhase section */

/* Begin PBXSourcesBuildPhase section */
		3DFA11F01CC3AA9100A48515 /* Sources */ = {
			isa = PBXSourcesBuildPhase;
			buildActionMask = 2147483647;
			files = (
				3DFB06191CC92E8B00D96693 /* LovePercent.swift in Sources */,
				3DFA11FA1CC3AA9100A48515 /* ViewController.swift in Sources */,
				3DFA11F81CC3AA9100A48515 /* AppDelegate.swift in Sources */,
				3DFB06201CC93CCD00D96693 /* InitialSetting.swift in Sources */,
				3DFB061B1CC9311200D96693 /* connectFirebase.swift in Sources */,
				3DFA122C1CC3E89600A48515 /* Configuration.swift in Sources */,
				3D1D53E31CC60D45008EBDEF /* Pulsator.swift in Sources */,
				3DFB06221CC93ECF00D96693 /* AccessNSUserDefaults.swift in Sources */,
				3DFA12281CC3AC5C00A48515 /* Peripheral.swift in Sources */,
				3DFB06171CC91FB900D96693 /* Screen.swift in Sources */,
			);
			runOnlyForDeploymentPostprocessing = 0;
		};
		3DFA12041CC3AA9100A48515 /* Sources */ = {
			isa = PBXSourcesBuildPhase;
			buildActionMask = 2147483647;
			files = (
				3DFA120D1CC3AA9100A48515 /* otiumTests.swift in Sources */,
			);
			runOnlyForDeploymentPostprocessing = 0;
		};
		3DFA120F1CC3AA9100A48515 /* Sources */ = {
			isa = PBXSourcesBuildPhase;
			buildActionMask = 2147483647;
			files = (
				3DFA12181CC3AA9100A48515 /* otiumUITests.swift in Sources */,
			);
			runOnlyForDeploymentPostprocessing = 0;
		};
/* End PBXSourcesBuildPhase section */

/* Begin PBXTargetDependency section */
		3DFA120A1CC3AA9100A48515 /* PBXTargetDependency */ = {
			isa = PBXTargetDependency;
			target = 3DFA11F31CC3AA9100A48515 /* otium */;
			targetProxy = 3DFA12091CC3AA9100A48515 /* PBXContainerItemProxy */;
		};
		3DFA12151CC3AA9100A48515 /* PBXTargetDependency */ = {
			isa = PBXTargetDependency;
			target = 3DFA11F31CC3AA9100A48515 /* otium */;
			targetProxy = 3DFA12141CC3AA9100A48515 /* PBXContainerItemProxy */;
		};
/* End PBXTargetDependency section */

/* Begin PBXVariantGroup section */
		3DFA11FB1CC3AA9100A48515 /* Main.storyboard */ = {
			isa = PBXVariantGroup;
			children = (
				3DFA11FC1CC3AA9100A48515 /* Base */,
			);
			name = Main.storyboard;
			sourceTree = "<group>";
		};
		3DFA12001CC3AA9100A48515 /* LaunchScreen.storyboard */ = {
			isa = PBXVariantGroup;
			children = (
				3DFA12011CC3AA9100A48515 /* Base */,
			);
			name = LaunchScreen.storyboard;
			sourceTree = "<group>";
		};
/* End PBXVariantGroup section */

/* Begin XCBuildConfiguration section */
		3DFA121A1CC3AA9100A48515 /* Debug */ = {
			isa = XCBuildConfiguration;
			buildSettings = {
				ALWAYS_SEARCH_USER_PATHS = NO;
				CLANG_CXX_LANGUAGE_STANDARD = "gnu++0x";
				CLANG_CXX_LIBRARY = "libc++";
				CLANG_ENABLE_MODULES = YES;
				CLANG_ENABLE_OBJC_ARC = YES;
				CLANG_WARN_BOOL_CONVERSION = YES;
				CLANG_WARN_CONSTANT_CONVERSION = YES;
				CLANG_WARN_DIRECT_OBJC_ISA_USAGE = YES_ERROR;
				CLANG_WARN_EMPTY_BODY = YES;
				CLANG_WARN_ENUM_CONVERSION = YES;
				CLANG_WARN_INT_CONVERSION = YES;
				CLANG_WARN_OBJC_ROOT_CLASS = YES_ERROR;
				CLANG_WARN_UNREACHABLE_CODE = YES;
				CLANG_WARN__DUPLICATE_METHOD_MATCH = YES;
				"CODE_SIGN_IDENTITY[sdk=iphoneos*]" = "iPhone Developer";
				COPY_PHASE_STRIP = NO;
				DEBUG_INFORMATION_FORMAT = dwarf;
				ENABLE_STRICT_OBJC_MSGSEND = YES;
				ENABLE_TESTABILITY = YES;
				GCC_C_LANGUAGE_STANDARD = gnu99;
				GCC_DYNAMIC_NO_PIC = NO;
				GCC_NO_COMMON_BLOCKS = YES;
				GCC_OPTIMIZATION_LEVEL = 0;
				GCC_PREPROCESSOR_DEFINITIONS = (
					"DEBUG=1",
					"$(inherited)",
				);
				GCC_WARN_64_TO_32_BIT_CONVERSION = YES;
				GCC_WARN_ABOUT_RETURN_TYPE = YES_ERROR;
				GCC_WARN_UNDECLARED_SELECTOR = YES;
				GCC_WARN_UNINITIALIZED_AUTOS = YES_AGGRESSIVE;
				GCC_WARN_UNUSED_FUNCTION = YES;
				GCC_WARN_UNUSED_VARIABLE = YES;
				IPHONEOS_DEPLOYMENT_TARGET = 9.2;
				MTL_ENABLE_DEBUG_INFO = YES;
				ONLY_ACTIVE_ARCH = YES;
				SDKROOT = iphoneos;
				SWIFT_OPTIMIZATION_LEVEL = "-Onone";
			};
			name = Debug;
		};
		3DFA121B1CC3AA9100A48515 /* Release */ = {
			isa = XCBuildConfiguration;
			buildSettings = {
				ALWAYS_SEARCH_USER_PATHS = NO;
				CLANG_CXX_LANGUAGE_STANDARD = "gnu++0x";
				CLANG_CXX_LIBRARY = "libc++";
				CLANG_ENABLE_MODULES = YES;
				CLANG_ENABLE_OBJC_ARC = YES;
				CLANG_WARN_BOOL_CONVERSION = YES;
				CLANG_WARN_CONSTANT_CONVERSION = YES;
				CLANG_WARN_DIRECT_OBJC_ISA_USAGE = YES_ERROR;
				CLANG_WARN_EMPTY_BODY = YES;
				CLANG_WARN_ENUM_CONVERSION = YES;
				CLANG_WARN_INT_CONVERSION = YES;
				CLANG_WARN_OBJC_ROOT_CLASS = YES_ERROR;
				CLANG_WARN_UNREACHABLE_CODE = YES;
				CLANG_WARN__DUPLICATE_METHOD_MATCH = YES;
				"CODE_SIGN_IDENTITY[sdk=iphoneos*]" = "iPhone Developer";
				COPY_PHASE_STRIP = NO;
				DEBUG_INFORMATION_FORMAT = "dwarf-with-dsym";
				ENABLE_NS_ASSERTIONS = NO;
				ENABLE_STRICT_OBJC_MSGSEND = YES;
				GCC_C_LANGUAGE_STANDARD = gnu99;
				GCC_NO_COMMON_BLOCKS = YES;
				GCC_WARN_64_TO_32_BIT_CONVERSION = YES;
				GCC_WARN_ABOUT_RETURN_TYPE = YES_ERROR;
				GCC_WARN_UNDECLARED_SELECTOR = YES;
				GCC_WARN_UNINITIALIZED_AUTOS = YES_AGGRESSIVE;
				GCC_WARN_UNUSED_FUNCTION = YES;
				GCC_WARN_UNUSED_VARIABLE = YES;
				IPHONEOS_DEPLOYMENT_TARGET = 9.2;
				MTL_ENABLE_DEBUG_INFO = NO;
				SDKROOT = iphoneos;
				VALIDATE_PRODUCT = YES;
			};
			name = Release;
		};
		3DFA121D1CC3AA9100A48515 /* Debug */ = {
			isa = XCBuildConfiguration;
			buildSettings = {
				ASSETCATALOG_COMPILER_APPICON_NAME = AppIcon;
				INFOPLIST_FILE = otium/Info.plist;
				IPHONEOS_DEPLOYMENT_TARGET = 9.0;
				LD_RUNPATH_SEARCH_PATHS = "$(inherited) @executable_path/Frameworks";
				PRODUCT_BUNDLE_IDENTIFIER = com.amebaownd.p6iwi6.otium;
				PRODUCT_NAME = "$(TARGET_NAME)";
			};
			name = Debug;
		};
		3DFA121E1CC3AA9100A48515 /* Release */ = {
			isa = XCBuildConfiguration;
			buildSettings = {
				ASSETCATALOG_COMPILER_APPICON_NAME = AppIcon;
				INFOPLIST_FILE = otium/Info.plist;
				IPHONEOS_DEPLOYMENT_TARGET = 9.0;
				LD_RUNPATH_SEARCH_PATHS = "$(inherited) @executable_path/Frameworks";
				PRODUCT_BUNDLE_IDENTIFIER = com.amebaownd.p6iwi6.otium;
				PRODUCT_NAME = "$(TARGET_NAME)";
			};
			name = Release;
		};
		3DFA12201CC3AA9100A48515 /* Debug */ = {
			isa = XCBuildConfiguration;
			buildSettings = {
				BUNDLE_LOADER = "$(TEST_HOST)";
				INFOPLIST_FILE = otiumTests/Info.plist;
				LD_RUNPATH_SEARCH_PATHS = "$(inherited) @executable_path/Frameworks @loader_path/Frameworks";
				PRODUCT_BUNDLE_IDENTIFIER = com.amebaownd.p6iwi6.otiumTests;
				PRODUCT_NAME = "$(TARGET_NAME)";
				TEST_HOST = "$(BUILT_PRODUCTS_DIR)/otium.app/otium";
			};
			name = Debug;
		};
		3DFA12211CC3AA9100A48515 /* Release */ = {
			isa = XCBuildConfiguration;
			buildSettings = {
				BUNDLE_LOADER = "$(TEST_HOST)";
				INFOPLIST_FILE = otiumTests/Info.plist;
				LD_RUNPATH_SEARCH_PATHS = "$(inherited) @executable_path/Frameworks @loader_path/Frameworks";
				PRODUCT_BUNDLE_IDENTIFIER = com.amebaownd.p6iwi6.otiumTests;
				PRODUCT_NAME = "$(TARGET_NAME)";
				TEST_HOST = "$(BUILT_PRODUCTS_DIR)/otium.app/otium";
			};
			name = Release;
		};
		3DFA12231CC3AA9100A48515 /* Debug */ = {
			isa = XCBuildConfiguration;
			buildSettings = {
				INFOPLIST_FILE = otiumUITests/Info.plist;
				LD_RUNPATH_SEARCH_PATHS = "$(inherited) @executable_path/Frameworks @loader_path/Frameworks";
				PRODUCT_BUNDLE_IDENTIFIER = com.amebaownd.p6iwi6.otiumUITests;
				PRODUCT_NAME = "$(TARGET_NAME)";
				TEST_TARGET_NAME = otium;
				USES_XCTRUNNER = YES;
			};
			name = Debug;
		};
		3DFA12241CC3AA9100A48515 /* Release */ = {
			isa = XCBuildConfiguration;
			buildSettings = {
				INFOPLIST_FILE = otiumUITests/Info.plist;
				LD_RUNPATH_SEARCH_PATHS = "$(inherited) @executable_path/Frameworks @loader_path/Frameworks";
				PRODUCT_BUNDLE_IDENTIFIER = com.amebaownd.p6iwi6.otiumUITests;
				PRODUCT_NAME = "$(TARGET_NAME)";
				TEST_TARGET_NAME = otium;
				USES_XCTRUNNER = YES;
			};
			name = Release;
		};
/* End XCBuildConfiguration section */

/* Begin XCConfigurationList section */
		3DFA11EF1CC3AA9000A48515 /* Build configuration list for PBXProject "otium" */ = {
			isa = XCConfigurationList;
			buildConfigurations = (
				3DFA121A1CC3AA9100A48515 /* Debug */,
				3DFA121B1CC3AA9100A48515 /* Release */,
			);
			defaultConfigurationIsVisible = 0;
			defaultConfigurationName = Release;
		};
		3DFA121C1CC3AA9100A48515 /* Build configuration list for PBXNativeTarget "otium" */ = {
			isa = XCConfigurationList;
			buildConfigurations = (
				3DFA121D1CC3AA9100A48515 /* Debug */,
				3DFA121E1CC3AA9100A48515 /* Release */,
			);
			defaultConfigurationIsVisible = 0;
			defaultConfigurationName = Release;
		};
		3DFA121F1CC3AA9100A48515 /* Build configuration list for PBXNativeTarget "otiumTests" */ = {
			isa = XCConfigurationList;
			buildConfigurations = (
				3DFA12201CC3AA9100A48515 /* Debug */,
				3DFA12211CC3AA9100A48515 /* Release */,
			);
			defaultConfigurationIsVisible = 0;
			defaultConfigurationName = Release;
		};
		3DFA12221CC3AA9100A48515 /* Build configuration list for PBXNativeTarget "otiumUITests" */ = {
			isa = XCConfigurationList;
			buildConfigurations = (
				3DFA12231CC3AA9100A48515 /* Debug */,
				3DFA12241CC3AA9100A48515 /* Release */,
			);
			defaultConfigurationIsVisible = 0;
			defaultConfigurationName = Release;
		};
/* End XCConfigurationList section */
	};
	rootObject = 3DFA11EC1CC3AA9000A48515 /* Project object */;
}
